// !$*UTF8*$!
{
	archiveVersion = 1;
	classes = {
	};
	objectVersion = 48;
	objects = {

/* Begin PBXBuildFile section */
		CD60B93A202D393B006E1CB7 /* AppDelegate.m in Sources */ = {isa = PBXBuildFile; fileRef = CD60B939202D393B006E1CB7 /* AppDelegate.m */; };
		CD60B940202D393B006E1CB7 /* Main.storyboard in Resources */ = {isa = PBXBuildFile; fileRef = CD60B93E202D393B006E1CB7 /* Main.storyboard */; };
		CD60B942202D393B006E1CB7 /* Assets.xcassets in Resources */ = {isa = PBXBuildFile; fileRef = CD60B941202D393B006E1CB7 /* Assets.xcassets */; };
		CD60B945202D393B006E1CB7 /* LaunchScreen.storyboard in Resources */ = {isa = PBXBuildFile; fileRef = CD60B943202D393B006E1CB7 /* LaunchScreen.storyboard */; };
		CD60B948202D393B006E1CB7 /* main.m in Sources */ = {isa = PBXBuildFile; fileRef = CD60B947202D393B006E1CB7 /* main.m */; };
		CD65DAC720AEA603000994E5 /* DragButton.m in Sources */ = {isa = PBXBuildFile; fileRef = CD65DAC320AEA603000994E5 /* DragButton.m */; };
		CD65DAC820AEA603000994E5 /* UIView+VIewFrame.m in Sources */ = {isa = PBXBuildFile; fileRef = CD65DAC620AEA603000994E5 /* UIView+VIewFrame.m */; };
		CDB9A47320B2CC5800933B84 /* XLsn0wMapGeoCoder.m in Sources */ = {isa = PBXBuildFile; fileRef = CDB9A47220B2CC5800933B84 /* XLsn0wMapGeoCoder.m */; };
		CDB9A47D20B2CC5D00933B84 /* UIImageView+XLsn0wWebImage.m in Sources */ = {isa = PBXBuildFile; fileRef = CDB9A47620B2CC5D00933B84 /* UIImageView+XLsn0wWebImage.m */; };
		CDB9A47E20B2CC5D00933B84 /* XLsn0wImageCache.m in Sources */ = {isa = PBXBuildFile; fileRef = CDB9A47720B2CC5D00933B84 /* XLsn0wImageCache.m */; };
		CDB9A47F20B2CC5D00933B84 /* XLsn0wFileHandle.m in Sources */ = {isa = PBXBuildFile; fileRef = CDB9A47920B2CC5D00933B84 /* XLsn0wFileHandle.m */; };
		CDB9A48020B2CC5D00933B84 /* XLsn0wFileDownload.m in Sources */ = {isa = PBXBuildFile; fileRef = CDB9A47C20B2CC5D00933B84 /* XLsn0wFileDownload.m */; };
		CDC88DDB202D754500E24F8F /* UIColor+Extension.m in Sources */ = {isa = PBXBuildFile; fileRef = CDC88DC7202D754500E24F8F /* UIColor+Extension.m */; };
		CDC88DDC202D754500E24F8F /* UIView+Extension.m in Sources */ = {isa = PBXBuildFile; fileRef = CDC88DC9202D754500E24F8F /* UIView+Extension.m */; };
		CDC88DDD202D754500E24F8F /* CAAnimation+Extension.m in Sources */ = {isa = PBXBuildFile; fileRef = CDC88DCA202D754500E24F8F /* CAAnimation+Extension.m */; };
		CDC88DDE202D754500E24F8F /* JMNavTestController.m in Sources */ = {isa = PBXBuildFile; fileRef = CDC88DCD202D754500E24F8F /* JMNavTestController.m */; };
		CDC88DDF202D754500E24F8F /* AniTabBarController.m in Sources */ = {isa = PBXBuildFile; fileRef = CDC88DCE202D754500E24F8F /* AniTabBarController.m */; };
		CDC88DE0202D754500E24F8F /* AniTabBarShared.m in Sources */ = {isa = PBXBuildFile; fileRef = CDC88DD3202D754500E24F8F /* AniTabBarShared.m */; };
		CDC88DE1202D754500E24F8F /* JMTabBarButton.m in Sources */ = {isa = PBXBuildFile; fileRef = CDC88DD7202D754500E24F8F /* JMTabBarButton.m */; };
		CDC88DE2202D754500E24F8F /* AniTabBar.m in Sources */ = {isa = PBXBuildFile; fileRef = CDC88DD8202D754500E24F8F /* AniTabBar.m */; };
		CDC88DE3202D754500E24F8F /* JMBadgeValue.m in Sources */ = {isa = PBXBuildFile; fileRef = CDC88DDA202D754500E24F8F /* JMBadgeValue.m */; };
		CDC88DE5202D75D900E24F8F /* ViewController.m in Sources */ = {isa = PBXBuildFile; fileRef = CDC88DE4202D75D900E24F8F /* ViewController.m */; };
		CDC88DE8202DA15C00E24F8F /* NumberSeparator.m in Sources */ = {isa = PBXBuildFile; fileRef = CDC88DE7202DA15C00E24F8F /* NumberSeparator.m */; };
/* End PBXBuildFile section */

/* Begin PBXFileReference section */
		CD60B935202D393B006E1CB7 /* XLsn0wBox.app */ = {isa = PBXFileReference; explicitFileType = wrapper.application; includeInIndex = 0; path = XLsn0wBox.app; sourceTree = BUILT_PRODUCTS_DIR; };
		CD60B938202D393B006E1CB7 /* AppDelegate.h */ = {isa = PBXFileReference; lastKnownFileType = sourcecode.c.h; path = AppDelegate.h; sourceTree = "<group>"; };
		CD60B939202D393B006E1CB7 /* AppDelegate.m */ = {isa = PBXFileReference; lastKnownFileType = sourcecode.c.objc; path = AppDelegate.m; sourceTree = "<group>"; };
		CD60B93B202D393B006E1CB7 /* ViewController.h */ = {isa = PBXFileReference; lastKnownFileType = sourcecode.c.h; path = ViewController.h; sourceTree = "<group>"; };
		CD60B93F202D393B006E1CB7 /* Base */ = {isa = PBXFileReference; lastKnownFileType = file.storyboard; name = Base; path = Base.lproj/Main.storyboard; sourceTree = "<group>"; };
		CD60B941202D393B006E1CB7 /* Assets.xcassets */ = {isa = PBXFileReference; lastKnownFileType = folder.assetcatalog; path = Assets.xcassets; sourceTree = "<group>"; };
		CD60B944202D393B006E1CB7 /* Base */ = {isa = PBXFileReference; lastKnownFileType = file.storyboard; name = Base; path = Base.lproj/LaunchScreen.storyboard; sourceTree = "<group>"; };
		CD60B946202D393B006E1CB7 /* Info.plist */ = {isa = PBXFileReference; lastKnownFileType = text.plist.xml; path = Info.plist; sourceTree = "<group>"; };
		CD60B947202D393B006E1CB7 /* main.m */ = {isa = PBXFileReference; lastKnownFileType = sourcecode.c.objc; path = main.m; sourceTree = "<group>"; };
		CD65DAC320AEA603000994E5 /* DragButton.m */ = {isa = PBXFileReference; fileEncoding = 4; lastKnownFileType = sourcecode.c.objc; path = DragButton.m; sourceTree = "<group>"; };
		CD65DAC420AEA603000994E5 /* DragButton.h */ = {isa = PBXFileReference; fileEncoding = 4; lastKnownFileType = sourcecode.c.h; path = DragButton.h; sourceTree = "<group>"; };
		CD65DAC520AEA603000994E5 /* UIView+VIewFrame.h */ = {isa = PBXFileReference; fileEncoding = 4; lastKnownFileType = sourcecode.c.h; path = "UIView+VIewFrame.h"; sourceTree = "<group>"; };
		CD65DAC620AEA603000994E5 /* UIView+VIewFrame.m */ = {isa = PBXFileReference; fileEncoding = 4; lastKnownFileType = sourcecode.c.objc; path = "UIView+VIewFrame.m"; sourceTree = "<group>"; };
		CDB9A47120B2CC5800933B84 /* XLsn0wMapGeoCoder.h */ = {isa = PBXFileReference; fileEncoding = 4; lastKnownFileType = sourcecode.c.h; path = XLsn0wMapGeoCoder.h; sourceTree = "<group>"; };
		CDB9A47220B2CC5800933B84 /* XLsn0wMapGeoCoder.m */ = {isa = PBXFileReference; fileEncoding = 4; lastKnownFileType = sourcecode.c.objc; path = XLsn0wMapGeoCoder.m; sourceTree = "<group>"; };
		CDB9A47520B2CC5D00933B84 /* XLsn0wFileHandle.h */ = {isa = PBXFileReference; fileEncoding = 4; lastKnownFileType = sourcecode.c.h; path = XLsn0wFileHandle.h; sourceTree = "<group>"; };
		CDB9A47620B2CC5D00933B84 /* UIImageView+XLsn0wWebImage.m */ = {isa = PBXFileReference; fileEncoding = 4; lastKnownFileType = sourcecode.c.objc; path = "UIImageView+XLsn0wWebImage.m"; sourceTree = "<group>"; };
		CDB9A47720B2CC5D00933B84 /* XLsn0wImageCache.m */ = {isa = PBXFileReference; fileEncoding = 4; lastKnownFileType = sourcecode.c.objc; path = XLsn0wImageCache.m; sourceTree = "<group>"; };
		CDB9A47820B2CC5D00933B84 /* XLsn0wFileDownload.h */ = {isa = PBXFileReference; fileEncoding = 4; lastKnownFileType = sourcecode.c.h; path = XLsn0wFileDownload.h; sourceTree = "<group>"; };
		CDB9A47920B2CC5D00933B84 /* XLsn0wFileHandle.m */ = {isa = PBXFileReference; fileEncoding = 4; lastKnownFileType = sourcecode.c.objc; path = XLsn0wFileHandle.m; sourceTree = "<group>"; };
		CDB9A47A20B2CC5D00933B84 /* UIImageView+XLsn0wWebImage.h */ = {isa = PBXFileReference; fileEncoding = 4; lastKnownFileType = sourcecode.c.h; path = "UIImageView+XLsn0wWebImage.h"; sourceTree = "<group>"; };
		CDB9A47B20B2CC5D00933B84 /* XLsn0wImageCache.h */ = {isa = PBXFileReference; fileEncoding = 4; lastKnownFileType = sourcecode.c.h; path = XLsn0wImageCache.h; sourceTree = "<group>"; };
		CDB9A47C20B2CC5D00933B84 /* XLsn0wFileDownload.m */ = {isa = PBXFileReference; fileEncoding = 4; lastKnownFileType = sourcecode.c.objc; path = XLsn0wFileDownload.m; sourceTree = "<group>"; };
		CDC88DC4202D754500E24F8F /* UIColor+Extension.h */ = {isa = PBXFileReference; fileEncoding = 4; lastKnownFileType = sourcecode.c.h; path = "UIColor+Extension.h"; sourceTree = "<group>"; };
		CDC88DC5202D754500E24F8F /* UIView+Extension.h */ = {isa = PBXFileReference; fileEncoding = 4; lastKnownFileType = sourcecode.c.h; path = "UIView+Extension.h"; sourceTree = "<group>"; };
		CDC88DC6202D754500E24F8F /* CAAnimation+Extension.h */ = {isa = PBXFileReference; fileEncoding = 4; lastKnownFileType = sourcecode.c.h; path = "CAAnimation+Extension.h"; sourceTree = "<group>"; };
		CDC88DC7202D754500E24F8F /* UIColor+Extension.m */ = {isa = PBXFileReference; fileEncoding = 4; lastKnownFileType = sourcecode.c.objc; path = "UIColor+Extension.m"; sourceTree = "<group>"; };
		CDC88DC8202D754500E24F8F /* ExtensionHeader.h */ = {isa = PBXFileReference; fileEncoding = 4; lastKnownFileType = sourcecode.c.h; path = ExtensionHeader.h; sourceTree = "<group>"; };
		CDC88DC9202D754500E24F8F /* UIView+Extension.m */ = {isa = PBXFileReference; fileEncoding = 4; lastKnownFileType = sourcecode.c.objc; path = "UIView+Extension.m"; sourceTree = "<group>"; };
		CDC88DCA202D754500E24F8F /* CAAnimation+Extension.m */ = {isa = PBXFileReference; fileEncoding = 4; lastKnownFileType = sourcecode.c.objc; path = "CAAnimation+Extension.m"; sourceTree = "<group>"; };
		CDC88DCB202D754500E24F8F /* AniTabBarControllerHeader.h */ = {isa = PBXFileReference; fileEncoding = 4; lastKnownFileType = sourcecode.c.h; path = AniTabBarControllerHeader.h; sourceTree = "<group>"; };
		CDC88DCD202D754500E24F8F /* JMNavTestController.m */ = {isa = PBXFileReference; fileEncoding = 4; lastKnownFileType = sourcecode.c.objc; path = JMNavTestController.m; sourceTree = "<group>"; };
		CDC88DCE202D754500E24F8F /* AniTabBarController.m */ = {isa = PBXFileReference; fileEncoding = 4; lastKnownFileType = sourcecode.c.objc; path = AniTabBarController.m; sourceTree = "<group>"; };
		CDC88DCF202D754500E24F8F /* JMNavTestController.h */ = {isa = PBXFileReference; fileEncoding = 4; lastKnownFileType = sourcecode.c.h; path = JMNavTestController.h; sourceTree = "<group>"; };
		CDC88DD0202D754500E24F8F /* AniTabBarController.h */ = {isa = PBXFileReference; fileEncoding = 4; lastKnownFileType = sourcecode.c.h; path = AniTabBarController.h; sourceTree = "<group>"; };
		CDC88DD2202D754500E24F8F /* AniTabBarShared.h */ = {isa = PBXFileReference; fileEncoding = 4; lastKnownFileType = sourcecode.c.h; path = AniTabBarShared.h; sourceTree = "<group>"; };
		CDC88DD3202D754500E24F8F /* AniTabBarShared.m */ = {isa = PBXFileReference; fileEncoding = 4; lastKnownFileType = sourcecode.c.objc; path = AniTabBarShared.m; sourceTree = "<group>"; };
		CDC88DD5202D754500E24F8F /* AniTabBar.h */ = {isa = PBXFileReference; fileEncoding = 4; lastKnownFileType = sourcecode.c.h; path = AniTabBar.h; sourceTree = "<group>"; };
		CDC88DD6202D754500E24F8F /* JMBadgeValue.h */ = {isa = PBXFileReference; fileEncoding = 4; lastKnownFileType = sourcecode.c.h; path = JMBadgeValue.h; sourceTree = "<group>"; };
		CDC88DD7202D754500E24F8F /* JMTabBarButton.m */ = {isa = PBXFileReference; fileEncoding = 4; lastKnownFileType = sourcecode.c.objc; path = JMTabBarButton.m; sourceTree = "<group>"; };
		CDC88DD8202D754500E24F8F /* AniTabBar.m */ = {isa = PBXFileReference; fileEncoding = 4; lastKnownFileType = sourcecode.c.objc; path = AniTabBar.m; sourceTree = "<group>"; };
		CDC88DD9202D754500E24F8F /* JMTabBarButton.h */ = {isa = PBXFileReference; fileEncoding = 4; lastKnownFileType = sourcecode.c.h; path = JMTabBarButton.h; sourceTree = "<group>"; };
		CDC88DDA202D754500E24F8F /* JMBadgeValue.m */ = {isa = PBXFileReference; fileEncoding = 4; lastKnownFileType = sourcecode.c.objc; path = JMBadgeValue.m; sourceTree = "<group>"; };
		CDC88DE4202D75D900E24F8F /* ViewController.m */ = {isa = PBXFileReference; fileEncoding = 4; lastKnownFileType = sourcecode.c.objc; path = ViewController.m; sourceTree = "<group>"; };
		CDC88DE6202DA15C00E24F8F /* NumberSeparator.h */ = {isa = PBXFileReference; lastKnownFileType = sourcecode.c.h; path = NumberSeparator.h; sourceTree = "<group>"; };
		CDC88DE7202DA15C00E24F8F /* NumberSeparator.m */ = {isa = PBXFileReference; lastKnownFileType = sourcecode.c.objc; path = NumberSeparator.m; sourceTree = "<group>"; };
/* End PBXFileReference section */

/* Begin PBXFrameworksBuildPhase section */
		CD60B932202D393B006E1CB7 /* Frameworks */ = {
			isa = PBXFrameworksBuildPhase;
			buildActionMask = 2147483647;
			files = (
			);
			runOnlyForDeploymentPostprocessing = 0;
		};
/* End PBXFrameworksBuildPhase section */

/* Begin PBXGroup section */
		CD60B92C202D393B006E1CB7 = {
			isa = PBXGroup;
			children = (
				CDB9A47420B2CC5D00933B84 /* XLsn0wImageCache */,
				CDB9A47020B2CC5800933B84 /* XLsn0wMapGeoCoder */,
				CD65DAC220AEA5ED000994E5 /* DragButton */,
				CDC88DC2202D754500E24F8F /* AniTabBarController */,
				CD60B937202D393B006E1CB7 /* XLsn0wBox */,
				CD60B936202D393B006E1CB7 /* Products */,
			);
			sourceTree = "<group>";
		};
		CD60B936202D393B006E1CB7 /* Products */ = {
			isa = PBXGroup;
			children = (
				CD60B935202D393B006E1CB7 /* XLsn0wBox.app */,
			);
			name = Products;
			sourceTree = "<group>";
		};
		CD60B937202D393B006E1CB7 /* XLsn0wBox */ = {
			isa = PBXGroup;
			children = (
				CD60B938202D393B006E1CB7 /* AppDelegate.h */,
				CD60B939202D393B006E1CB7 /* AppDelegate.m */,
				CD60B93B202D393B006E1CB7 /* ViewController.h */,
				CDC88DE4202D75D900E24F8F /* ViewController.m */,
				CDC88DE6202DA15C00E24F8F /* NumberSeparator.h */,
				CDC88DE7202DA15C00E24F8F /* NumberSeparator.m */,
				CD60B93E202D393B006E1CB7 /* Main.storyboard */,
				CD60B941202D393B006E1CB7 /* Assets.xcassets */,
				CD60B943202D393B006E1CB7 /* LaunchScreen.storyboard */,
				CD60B946202D393B006E1CB7 /* Info.plist */,
				CD60B947202D393B006E1CB7 /* main.m */,
			);
			path = XLsn0wBox;
			sourceTree = "<group>";
		};
		CD65DAC220AEA5ED000994E5 /* DragButton */ = {
			isa = PBXGroup;
			children = (
				CD65DAC420AEA603000994E5 /* DragButton.h */,
				CD65DAC320AEA603000994E5 /* DragButton.m */,
				CD65DAC520AEA603000994E5 /* UIView+VIewFrame.h */,
				CD65DAC620AEA603000994E5 /* UIView+VIewFrame.m */,
			);
			path = DragButton;
			sourceTree = "<group>";
		};
		CDB9A47020B2CC5800933B84 /* XLsn0wMapGeoCoder */ = {
			isa = PBXGroup;
			children = (
				CDB9A47120B2CC5800933B84 /* XLsn0wMapGeoCoder.h */,
				CDB9A47220B2CC5800933B84 /* XLsn0wMapGeoCoder.m */,
			);
			path = XLsn0wMapGeoCoder;
			sourceTree = "<group>";
		};
		CDB9A47420B2CC5D00933B84 /* XLsn0wImageCache */ = {
			isa = PBXGroup;
			children = (
				CDB9A47520B2CC5D00933B84 /* XLsn0wFileHandle.h */,
				CDB9A47620B2CC5D00933B84 /* UIImageView+XLsn0wWebImage.m */,
				CDB9A47720B2CC5D00933B84 /* XLsn0wImageCache.m */,
				CDB9A47820B2CC5D00933B84 /* XLsn0wFileDownload.h */,
				CDB9A47920B2CC5D00933B84 /* XLsn0wFileHandle.m */,
				CDB9A47A20B2CC5D00933B84 /* UIImageView+XLsn0wWebImage.h */,
				CDB9A47B20B2CC5D00933B84 /* XLsn0wImageCache.h */,
				CDB9A47C20B2CC5D00933B84 /* XLsn0wFileDownload.m */,
			);
			path = XLsn0wImageCache;
			sourceTree = "<group>";
		};
		CDC88DC2202D754500E24F8F /* AniTabBarController */ = {
			isa = PBXGroup;
			children = (
				CDC88DCB202D754500E24F8F /* AniTabBarControllerHeader.h */,
				CDC88DC3202D754500E24F8F /* Extension */,
				CDC88DCC202D754500E24F8F /* Controller */,
				CDC88DD1202D754500E24F8F /* Model */,
				CDC88DD4202D754500E24F8F /* View */,
			);
			path = AniTabBarController;
			sourceTree = "<group>";
		};
		CDC88DC3202D754500E24F8F /* Extension */ = {
			isa = PBXGroup;
			children = (
				CDC88DC8202D754500E24F8F /* ExtensionHeader.h */,
				CDC88DC4202D754500E24F8F /* UIColor+Extension.h */,
				CDC88DC7202D754500E24F8F /* UIColor+Extension.m */,
				CDC88DC5202D754500E24F8F /* UIView+Extension.h */,
				CDC88DC9202D754500E24F8F /* UIView+Extension.m */,
				CDC88DC6202D754500E24F8F /* CAAnimation+Extension.h */,
				CDC88DCA202D754500E24F8F /* CAAnimation+Extension.m */,
			);
			path = Extension;
			sourceTree = "<group>";
		};
		CDC88DCC202D754500E24F8F /* Controller */ = {
			isa = PBXGroup;
			children = (
				CDC88DCD202D754500E24F8F /* JMNavTestController.m */,
				CDC88DCE202D754500E24F8F /* AniTabBarController.m */,
				CDC88DCF202D754500E24F8F /* JMNavTestController.h */,
				CDC88DD0202D754500E24F8F /* AniTabBarController.h */,
			);
			path = Controller;
			sourceTree = "<group>";
		};
		CDC88DD1202D754500E24F8F /* Model */ = {
			isa = PBXGroup;
			children = (
				CDC88DD2202D754500E24F8F /* AniTabBarShared.h */,
				CDC88DD3202D754500E24F8F /* AniTabBarShared.m */,
			);
			path = Model;
			sourceTree = "<group>";
		};
		CDC88DD4202D754500E24F8F /* View */ = {
			isa = PBXGroup;
			children = (
				CDC88DD5202D754500E24F8F /* AniTabBar.h */,
				CDC88DD8202D754500E24F8F /* AniTabBar.m */,
				CDC88DD6202D754500E24F8F /* JMBadgeValue.h */,
				CDC88DDA202D754500E24F8F /* JMBadgeValue.m */,
				CDC88DD9202D754500E24F8F /* JMTabBarButton.h */,
				CDC88DD7202D754500E24F8F /* JMTabBarButton.m */,
			);
			path = View;
			sourceTree = "<group>";
		};
/* End PBXGroup section */

/* Begin PBXNativeTarget section */
		CD60B934202D393B006E1CB7 /* XLsn0wBox */ = {
			isa = PBXNativeTarget;
			buildConfigurationList = CD60B94B202D393B006E1CB7 /* Build configuration list for PBXNativeTarget "XLsn0wBox" */;
			buildPhases = (
				CD60B931202D393B006E1CB7 /* Sources */,
				CD60B932202D393B006E1CB7 /* Frameworks */,
				CD60B933202D393B006E1CB7 /* Resources */,
			);
			buildRules = (
			);
			dependencies = (
			);
			name = XLsn0wBox;
			productName = XLsn0wBox;
			productReference = CD60B935202D393B006E1CB7 /* XLsn0wBox.app */;
			productType = "com.apple.product-type.application";
		};
/* End PBXNativeTarget section */

/* Begin PBXProject section */
		CD60B92D202D393B006E1CB7 /* Project object */ = {
			isa = PBXProject;
			attributes = {
				LastUpgradeCheck = 0920;
				ORGANIZATIONNAME = ginlong;
				TargetAttributes = {
					CD60B934202D393B006E1CB7 = {
						CreatedOnToolsVersion = 9.2;
						ProvisioningStyle = Automatic;
					};
				};
			};
			buildConfigurationList = CD60B930202D393B006E1CB7 /* Build configuration list for PBXProject "XLsn0wBox" */;
			compatibilityVersion = "Xcode 8.0";
			developmentRegion = en;
			hasScannedForEncodings = 0;
			knownRegions = (
				en,
				Base,
			);
			mainGroup = CD60B92C202D393B006E1CB7;
			productRefGroup = CD60B936202D393B006E1CB7 /* Products */;
			projectDirPath = "";
			projectRoot = "";
			targets = (
				CD60B934202D393B006E1CB7 /* XLsn0wBox */,
			);
		};
/* End PBXProject section */

/* Begin PBXResourcesBuildPhase section */
		CD60B933202D393B006E1CB7 /* Resources */ = {
			isa = PBXResourcesBuildPhase;
			buildActionMask = 2147483647;
			files = (
				CD60B945202D393B006E1CB7 /* LaunchScreen.storyboard in Resources */,
				CD60B942202D393B006E1CB7 /* Assets.xcassets in Resources */,
				CD60B940202D393B006E1CB7 /* Main.storyboard in Resources */,
			);
			runOnlyForDeploymentPostprocessing = 0;
		};
/* End PBXResourcesBuildPhase section */

/* Begin PBXSourcesBuildPhase section */
		CD60B931202D393B006E1CB7 /* Sources */ = {
			isa = PBXSourcesBuildPhase;
			buildActionMask = 2147483647;
			files = (
				CDB9A47E20B2CC5D00933B84 /* XLsn0wImageCache.m in Sources */,
				CDB9A47320B2CC5800933B84 /* XLsn0wMapGeoCoder.m in Sources */,
				CDC88DE8202DA15C00E24F8F /* NumberSeparator.m in Sources */,
				CDB9A47F20B2CC5D00933B84 /* XLsn0wFileHandle.m in Sources */,
				CD65DAC820AEA603000994E5 /* UIView+VIewFrame.m in Sources */,
				CDC88DE0202D754500E24F8F /* AniTabBarShared.m in Sources */,
				CDC88DDF202D754500E24F8F /* AniTabBarController.m in Sources */,
				CDC88DDC202D754500E24F8F /* UIView+Extension.m in Sources */,
				CDC88DE2202D754500E24F8F /* AniTabBar.m in Sources */,
				CD65DAC720AEA603000994E5 /* DragButton.m in Sources */,
				CDC88DDD202D754500E24F8F /* CAAnimation+Extension.m in Sources */,
				CDB9A48020B2CC5D00933B84 /* XLsn0wFileDownload.m in Sources */,
				CD60B948202D393B006E1CB7 /* main.m in Sources */,
				CDC88DE5202D75D900E24F8F /* ViewController.m in Sources */,
				CDC88DE1202D754500E24F8F /* JMTabBarButton.m in Sources */,
				CDB9A47D20B2CC5D00933B84 /* UIImageView+XLsn0wWebImage.m in Sources */,
				CDC88DE3202D754500E24F8F /* JMBadgeValue.m in Sources */,
				CDC88DDE202D754500E24F8F /* JMNavTestController.m in Sources */,
				CD60B93A202D393B006E1CB7 /* AppDelegate.m in Sources */,
				CDC88DDB202D754500E24F8F /* UIColor+Extension.m in Sources */,
			);
			runOnlyForDeploymentPostprocessing = 0;
		};
/* End PBXSourcesBuildPhase section */

/* Begin PBXVariantGroup section */
		CD60B93E202D393B006E1CB7 /* Main.storyboard */ = {
			isa = PBXVariantGroup;
			children = (
				CD60B93F202D393B006E1CB7 /* Base */,
			);
			name = Main.storyboard;
			sourceTree = "<group>";
		};
		CD60B943202D393B006E1CB7 /* LaunchScreen.storyboard */ = {
			isa = PBXVariantGroup;
			children = (
				CD60B944202D393B006E1CB7 /* Base */,
			);
			name = LaunchScreen.storyboard;
			sourceTree = "<group>";
		};
/* End PBXVariantGroup section */

/* Begin XCBuildConfiguration section */
		CD60B949202D393B006E1CB7 /* Debug */ = {
			isa = XCBuildConfiguration;
			buildSettings = {
				ALWAYS_SEARCH_USER_PATHS = NO;
				CLANG_ANALYZER_NONNULL = YES;
				CLANG_ANALYZER_NUMBER_OBJECT_CONVERSION = YES_AGGRESSIVE;
				CLANG_CXX_LANGUAGE_STANDARD = "gnu++14";
				CLANG_CXX_LIBRARY = "libc++";
				CLANG_ENABLE_MODULES = YES;
				CLANG_ENABLE_OBJC_ARC = YES;
				CLANG_WARN_BLOCK_CAPTURE_AUTORELEASING = YES;
				CLANG_WARN_BOOL_CONVERSION = YES;
				CLANG_WARN_COMMA = YES;
				CLANG_WARN_CONSTANT_CONVERSION = YES;
				CLANG_WARN_DIRECT_OBJC_ISA_USAGE = YES_ERROR;
				CLANG_WARN_DOCUMENTATION_COMMENTS = YES;
				CLANG_WARN_EMPTY_BODY = YES;
				CLANG_WARN_ENUM_CONVERSION = YES;
				CLANG_WARN_INFINITE_RECURSION = YES;
				CLANG_WARN_INT_CONVERSION = YES;
				CLANG_WARN_NON_LITERAL_NULL_CONVERSION = YES;
				CLANG_WARN_OBJC_LITERAL_CONVERSION = YES;
				CLANG_WARN_OBJC_ROOT_CLASS = YES_ERROR;
				CLANG_WARN_RANGE_LOOP_ANALYSIS = YES;
				CLANG_WARN_STRICT_PROTOTYPES = YES;
				CLANG_WARN_SUSPICIOUS_MOVE = YES;
				CLANG_WARN_UNGUARDED_AVAILABILITY = YES_AGGRESSIVE;
				CLANG_WARN_UNREACHABLE_CODE = YES;
				CLANG_WARN__DUPLICATE_METHOD_MATCH = YES;
				CODE_SIGN_IDENTITY = "iPhone Developer";
				COPY_PHASE_STRIP = NO;
				DEBUG_INFORMATION_FORMAT = dwarf;
				ENABLE_STRICT_OBJC_MSGSEND = YES;
				ENABLE_TESTABILITY = YES;
				GCC_C_LANGUAGE_STANDARD = gnu11;
				GCC_DYNAMIC_NO_PIC = NO;
				GCC_NO_COMMON_BLOCKS = YES;
				GCC_OPTIMIZATION_LEVEL = 0;
				GCC_PREPROCESSOR_DEFINITIONS = (
					"DEBUG=1",
					"$(inherited)",
				);
				GCC_WARN_64_TO_32_BIT_CONVERSION = YES;
				GCC_WARN_ABOUT_RETURN_TYPE = YES_ERROR;
				GCC_WARN_UNDECLARED_SELECTOR = YES;
				GCC_WARN_UNINITIALIZED_AUTOS = YES_AGGRESSIVE;
				GCC_WARN_UNUSED_FUNCTION = YES;
				GCC_WARN_UNUSED_VARIABLE = YES;
				IPHONEOS_DEPLOYMENT_TARGET = 11.2;
				MTL_ENABLE_DEBUG_INFO = YES;
				ONLY_ACTIVE_ARCH = YES;
				SDKROOT = iphoneos;
			};
			name = Debug;
		};
		CD60B94A202D393B006E1CB7 /* Release */ = {
			isa = XCBuildConfiguration;
			buildSettings = {
				ALWAYS_SEARCH_USER_PATHS = NO;
				CLANG_ANALYZER_NONNULL = YES;
				CLANG_ANALYZER_NUMBER_OBJECT_CONVERSION = YES_AGGRESSIVE;
				CLANG_CXX_LANGUAGE_STANDARD = "gnu++14";
				CLANG_CXX_LIBRARY = "libc++";
				CLANG_ENABLE_MODULES = YES;
				CLANG_ENABLE_OBJC_ARC = YES;
				CLANG_WARN_BLOCK_CAPTURE_AUTORELEASING = YES;
				CLANG_WARN_BOOL_CONVERSION = YES;
				CLANG_WARN_COMMA = YES;
				CLANG_WARN_CONSTANT_CONVERSION = YES;
				CLANG_WARN_DIRECT_OBJC_ISA_USAGE = YES_ERROR;
				CLANG_WARN_DOCUMENTATION_COMMENTS = YES;
				CLANG_WARN_EMPTY_BODY = YES;
				CLANG_WARN_ENUM_CONVERSION = YES;
				CLANG_WARN_INFINITE_RECURSION = YES;
				CLANG_WARN_INT_CONVERSION = YES;
				CLANG_WARN_NON_LITERAL_NULL_CONVERSION = YES;
				CLANG_WARN_OBJC_LITERAL_CONVERSION = YES;
				CLANG_WARN_OBJC_ROOT_CLASS = YES_ERROR;
				CLANG_WARN_RANGE_LOOP_ANALYSIS = YES;
				CLANG_WARN_STRICT_PROTOTYPES = YES;
				CLANG_WARN_SUSPICIOUS_MOVE = YES;
				CLANG_WARN_UNGUARDED_AVAILABILITY = YES_AGGRESSIVE;
				CLANG_WARN_UNREACHABLE_CODE = YES;
				CLANG_WARN__DUPLICATE_METHOD_MATCH = YES;
				CODE_SIGN_IDENTITY = "iPhone Developer";
				COPY_PHASE_STRIP = NO;
				DEBUG_INFORMATION_FORMAT = "dwarf-with-dsym";
				ENABLE_NS_ASSERTIONS = NO;
				ENABLE_STRICT_OBJC_MSGSEND = YES;
				GCC_C_LANGUAGE_STANDARD = gnu11;
				GCC_NO_COMMON_BLOCKS = YES;
				GCC_WARN_64_TO_32_BIT_CONVERSION = YES;
				GCC_WARN_ABOUT_RETURN_TYPE = YES_ERROR;
				GCC_WARN_UNDECLARED_SELECTOR = YES;
				GCC_WARN_UNINITIALIZED_AUTOS = YES_AGGRESSIVE;
				GCC_WARN_UNUSED_FUNCTION = YES;
				GCC_WARN_UNUSED_VARIABLE = YES;
				IPHONEOS_DEPLOYMENT_TARGET = 11.2;
				MTL_ENABLE_DEBUG_INFO = NO;
				SDKROOT = iphoneos;
				VALIDATE_PRODUCT = YES;
			};
			name = Release;
		};
		CD60B94C202D393B006E1CB7 /* Debug */ = {
			isa = XCBuildConfiguration;
			buildSettings = {
				ASSETCATALOG_COMPILER_APPICON_NAME = AppIcon;
				CODE_SIGN_STYLE = Automatic;
				DEVELOPMENT_TEAM = MS6RTU94VW;
				INFOPLIST_FILE = XLsn0wBox/Info.plist;
				LD_RUNPATH_SEARCH_PATHS = "$(inherited) @executable_path/Frameworks";
				PRODUCT_BUNDLE_IDENTIFIER = com.ginlong.XLsn0wBox;
				PRODUCT_NAME = "$(TARGET_NAME)";
				TARGETED_DEVICE_FAMILY = "1,2";
			};
			name = Debug;
		};
		CD60B94D202D393B006E1CB7 /* Release */ = {
			isa = XCBuildConfiguration;
			buildSettings = {
				ASSETCATALOG_COMPILER_APPICON_NAME = AppIcon;
				CODE_SIGN_STYLE = Automatic;
				DEVELOPMENT_TEAM = MS6RTU94VW;
				INFOPLIST_FILE = XLsn0wBox/Info.plist;
				LD_RUNPATH_SEARCH_PATHS = "$(inherited) @executable_path/Frameworks";
				PRODUCT_BUNDLE_IDENTIFIER = com.ginlong.XLsn0wBox;
				PRODUCT_NAME = "$(TARGET_NAME)";
				TARGETED_DEVICE_FAMILY = "1,2";
			};
			name = Release;
		};
/* End XCBuildConfiguration section */

/* Begin XCConfigurationList section */
		CD60B930202D393B006E1CB7 /* Build configuration list for PBXProject "XLsn0wBox" */ = {
			isa = XCConfigurationList;
			buildConfigurations = (
				CD60B949202D393B006E1CB7 /* Debug */,
				CD60B94A202D393B006E1CB7 /* Release */,
			);
			defaultConfigurationIsVisible = 0;
			defaultConfigurationName = Release;
		};
		CD60B94B202D393B006E1CB7 /* Build configuration list for PBXNativeTarget "XLsn0wBox" */ = {
			isa = XCConfigurationList;
			buildConfigurations = (
				CD60B94C202D393B006E1CB7 /* Debug */,
				CD60B94D202D393B006E1CB7 /* Release */,
			);
			defaultConfigurationIsVisible = 0;
			defaultConfigurationName = Release;
		};
/* End XCConfigurationList section */
	};
	rootObject = CD60B92D202D393B006E1CB7 /* Project object */;
}
